
Microsoft Visual Studio Solution File, Format Version 12.00
# Visual Studio 15
VisualStudioVersion = 15.0.27703.2026
MinimumVisualStudioVersion = 10.0.40219.1
Project("{9A19103F-16F7-4668-BE54-9A1E7A4F7556}") = "Tridion.ContentManager.Automation", "src\Tridion.ContentManager.Automation\Tridion.ContentManager.Automation.csproj", "{E773D975-8574-4E42-8703-3A50DAE9BC17}"
EndProject
Global
	GlobalSection(SolutionConfigurationPlatforms) = preSolution
		Debug|Any CPU = Debug|Any CPU
		Release|Any CPU = Release|Any CPU
	EndGlobalSection
	GlobalSection(ProjectConfigurationPlatforms) = postSolution
		{E773D975-8574-4E42-8703-3A50DAE9BC17}.Debug|Any CPU.ActiveCfg = Debug|Any CPU
		{E773D975-8574-4E42-8703-3A50DAE9BC17}.Debug|Any CPU.Build.0 = Debug|Any CPU
		{E773D975-8574-4E42-8703-3A50DAE9BC17}.Release|Any CPU.ActiveCfg = Release|Any CPU
		{E773D975-8574-4E42-8703-3A50DAE9BC17}.Release|Any CPU.Build.0 = Release|Any CPU
	EndGlobalSection
	GlobalSection(SolutionProperties) = preSolution
		HideSolutionNode = FALSE
	EndGlobalSection
	GlobalSection(ExtensibilityGlobals) = postSolution
		SolutionGuid = {3F60E867-8D3C-40D8-8C9B-B409DF18765A}
	EndGlobalSection
EndGlobal
